// !$*UTF8*$!
{
	archiveVersion = 1;
	classes = {
	};
	objectVersion = 46;
	objects = {

/* Begin PBXBuildFile section */
		707DC4BB1CC6844E005E3C93 /* dateHelper.swift in Sources */ = {isa = PBXBuildFile; fileRef = 707DC4BA1CC6844E005E3C93 /* dateHelper.swift */; };
		D072DEA81CA4D867008DA1D6 /* AppDelegate.swift in Sources */ = {isa = PBXBuildFile; fileRef = D072DEA71CA4D867008DA1D6 /* AppDelegate.swift */; };
		D072DEAA1CA4D867008DA1D6 /* ViewController.swift in Sources */ = {isa = PBXBuildFile; fileRef = D072DEA91CA4D867008DA1D6 /* ViewController.swift */; };
		D072DEAD1CA4D867008DA1D6 /* Main.storyboard in Resources */ = {isa = PBXBuildFile; fileRef = D072DEAB1CA4D867008DA1D6 /* Main.storyboard */; };
		D072DEB21CA4D867008DA1D6 /* Assets.xcassets in Resources */ = {isa = PBXBuildFile; fileRef = D072DEB11CA4D867008DA1D6 /* Assets.xcassets */; };
		D072DEB51CA4D867008DA1D6 /* LaunchScreen.storyboard in Resources */ = {isa = PBXBuildFile; fileRef = D072DEB31CA4D867008DA1D6 /* LaunchScreen.storyboard */; };
		D072DEC01CA4D867008DA1D6 /* loggerTests.swift in Sources */ = {isa = PBXBuildFile; fileRef = D072DEBF1CA4D867008DA1D6 /* loggerTests.swift */; };
		D072DECB1CA4D867008DA1D6 /* loggerUITests.swift in Sources */ = {isa = PBXBuildFile; fileRef = D072DECA1CA4D867008DA1D6 /* loggerUITests.swift */; };
		D072DED91CA62ADE008DA1D6 /* ContactTableViewController.swift in Sources */ = {isa = PBXBuildFile; fileRef = D072DED81CA62ADE008DA1D6 /* ContactTableViewController.swift */; };
		D072DEDE1CACC30B008DA1D6 /* Model.xcdatamodeld in Sources */ = {isa = PBXBuildFile; fileRef = D072DEDC1CACC30B008DA1D6 /* Model.xcdatamodeld */; };
		D072DEE01CACC968008DA1D6 /* entryController.swift in Sources */ = {isa = PBXBuildFile; fileRef = D072DEDF1CACC968008DA1D6 /* entryController.swift */; };
		D072DEE21CB365EC008DA1D6 /* LogTableViewController.swift in Sources */ = {isa = PBXBuildFile; fileRef = D072DEE11CB365EC008DA1D6 /* LogTableViewController.swift */; };
		D0F03DE31CB5F0DD0004E4E7 /* LogBookTableViewCell.swift in Sources */ = {isa = PBXBuildFile; fileRef = D0F03DE21CB5F0DD0004E4E7 /* LogBookTableViewCell.swift */; };
		D0F03DE61CB5F3910004E4E7 /* LogEntry+CoreDataProperties.swift in Sources */ = {isa = PBXBuildFile; fileRef = D0F03DE41CB5F3910004E4E7 /* LogEntry+CoreDataProperties.swift */; };
		D0F03DE71CB5F3910004E4E7 /* LogEntry.swift in Sources */ = {isa = PBXBuildFile; fileRef = D0F03DE51CB5F3910004E4E7 /* LogEntry.swift */; };
		D0F03DEB1CB5FAA20004E4E7 /* Stack.swift in Sources */ = {isa = PBXBuildFile; fileRef = D0F03DEA1CB5FAA20004E4E7 /* Stack.swift */; };
/* End PBXBuildFile section */

/* Begin PBXContainerItemProxy section */
		D072DEBC1CA4D867008DA1D6 /* PBXContainerItemProxy */ = {
			isa = PBXContainerItemProxy;
			containerPortal = D072DE9C1CA4D867008DA1D6 /* Project object */;
			proxyType = 1;
			remoteGlobalIDString = D072DEA31CA4D867008DA1D6;
			remoteInfo = logger;
		};
		D072DEC71CA4D867008DA1D6 /* PBXContainerItemProxy */ = {
			isa = PBXContainerItemProxy;
			containerPortal = D072DE9C1CA4D867008DA1D6 /* Project object */;
			proxyType = 1;
			remoteGlobalIDString = D072DEA31CA4D867008DA1D6;
			remoteInfo = logger;
		};
/* End PBXContainerItemProxy section */

/* Begin PBXFileReference section */
		707DC4BA1CC6844E005E3C93 /* dateHelper.swift */ = {isa = PBXFileReference; fileEncoding = 4; lastKnownFileType = sourcecode.swift; path = dateHelper.swift; sourceTree = "<group>"; };
		D072DEA41CA4D867008DA1D6 /* logger.app */ = {isa = PBXFileReference; explicitFileType = wrapper.application; includeInIndex = 0; path = logger.app; sourceTree = BUILT_PRODUCTS_DIR; };
		D072DEA71CA4D867008DA1D6 /* AppDelegate.swift */ = {isa = PBXFileReference; lastKnownFileType = sourcecode.swift; path = AppDelegate.swift; sourceTree = "<group>"; };
		D072DEA91CA4D867008DA1D6 /* ViewController.swift */ = {isa = PBXFileReference; lastKnownFileType = sourcecode.swift; path = ViewController.swift; sourceTree = "<group>"; };
		D072DEAC1CA4D867008DA1D6 /* Base */ = {isa = PBXFileReference; lastKnownFileType = file.storyboard; name = Base; path = Base.lproj/Main.storyboard; sourceTree = "<group>"; };
		D072DEB11CA4D867008DA1D6 /* Assets.xcassets */ = {isa = PBXFileReference; lastKnownFileType = folder.assetcatalog; path = Assets.xcassets; sourceTree = "<group>"; };
		D072DEB41CA4D867008DA1D6 /* Base */ = {isa = PBXFileReference; lastKnownFileType = file.storyboard; name = Base; path = Base.lproj/LaunchScreen.storyboard; sourceTree = "<group>"; };
		D072DEB61CA4D867008DA1D6 /* Info.plist */ = {isa = PBXFileReference; lastKnownFileType = text.plist.xml; path = Info.plist; sourceTree = "<group>"; };
		D072DEBB1CA4D867008DA1D6 /* loggerTests.xctest */ = {isa = PBXFileReference; explicitFileType = wrapper.cfbundle; includeInIndex = 0; path = loggerTests.xctest; sourceTree = BUILT_PRODUCTS_DIR; };
		D072DEBF1CA4D867008DA1D6 /* loggerTests.swift */ = {isa = PBXFileReference; lastKnownFileType = sourcecode.swift; path = loggerTests.swift; sourceTree = "<group>"; };
		D072DEC11CA4D867008DA1D6 /* Info.plist */ = {isa = PBXFileReference; lastKnownFileType = text.plist.xml; path = Info.plist; sourceTree = "<group>"; };
		D072DEC61CA4D867008DA1D6 /* loggerUITests.xctest */ = {isa = PBXFileReference; explicitFileType = wrapper.cfbundle; includeInIndex = 0; path = loggerUITests.xctest; sourceTree = BUILT_PRODUCTS_DIR; };
		D072DECA1CA4D867008DA1D6 /* loggerUITests.swift */ = {isa = PBXFileReference; lastKnownFileType = sourcecode.swift; path = loggerUITests.swift; sourceTree = "<group>"; };
		D072DECC1CA4D867008DA1D6 /* Info.plist */ = {isa = PBXFileReference; lastKnownFileType = text.plist.xml; path = Info.plist; sourceTree = "<group>"; };
		D072DED81CA62ADE008DA1D6 /* ContactTableViewController.swift */ = {isa = PBXFileReference; fileEncoding = 4; lastKnownFileType = sourcecode.swift; path = ContactTableViewController.swift; sourceTree = "<group>"; };
		D072DEDD1CACC30B008DA1D6 /* Model.xcdatamodel */ = {isa = PBXFileReference; lastKnownFileType = wrapper.xcdatamodel; path = Model.xcdatamodel; sourceTree = "<group>"; };
		D072DEDF1CACC968008DA1D6 /* entryController.swift */ = {isa = PBXFileReference; fileEncoding = 4; lastKnownFileType = sourcecode.swift; path = entryController.swift; sourceTree = "<group>"; };
		D072DEE11CB365EC008DA1D6 /* LogTableViewController.swift */ = {isa = PBXFileReference; fileEncoding = 4; lastKnownFileType = sourcecode.swift; path = LogTableViewController.swift; sourceTree = "<group>"; };
		D0F03DE21CB5F0DD0004E4E7 /* LogBookTableViewCell.swift */ = {isa = PBXFileReference; fileEncoding = 4; lastKnownFileType = sourcecode.swift; path = LogBookTableViewCell.swift; sourceTree = "<group>"; };
		D0F03DE41CB5F3910004E4E7 /* LogEntry+CoreDataProperties.swift */ = {isa = PBXFileReference; fileEncoding = 4; lastKnownFileType = sourcecode.swift; name = "LogEntry+CoreDataProperties.swift"; path = "../LogEntry+CoreDataProperties.swift"; sourceTree = "<group>"; };
		D0F03DE51CB5F3910004E4E7 /* LogEntry.swift */ = {isa = PBXFileReference; fileEncoding = 4; lastKnownFileType = sourcecode.swift; name = LogEntry.swift; path = ../LogEntry.swift; sourceTree = "<group>"; };
		D0F03DEA1CB5FAA20004E4E7 /* Stack.swift */ = {isa = PBXFileReference; fileEncoding = 4; lastKnownFileType = sourcecode.swift; name = Stack.swift; path = ../Stack.swift; sourceTree = "<group>"; };
/* End PBXFileReference section */

/* Begin PBXFrameworksBuildPhase section */
		D072DEA11CA4D867008DA1D6 /* Frameworks */ = {
			isa = PBXFrameworksBuildPhase;
			buildActionMask = 2147483647;
			files = (
			);
			runOnlyForDeploymentPostprocessing = 0;
		};
		D072DEB81CA4D867008DA1D6 /* Frameworks */ = {
			isa = PBXFrameworksBuildPhase;
			buildActionMask = 2147483647;
			files = (
			);
			runOnlyForDeploymentPostprocessing = 0;
		};
		D072DEC31CA4D867008DA1D6 /* Frameworks */ = {
			isa = PBXFrameworksBuildPhase;
			buildActionMask = 2147483647;
			files = (
			);
			runOnlyForDeploymentPostprocessing = 0;
		};
/* End PBXFrameworksBuildPhase section */

/* Begin PBXGroup section */
		D072DE9B1CA4D867008DA1D6 = {
			isa = PBXGroup;
			children = (
				D072DEA61CA4D867008DA1D6 /* logger */,
				D072DEBE1CA4D867008DA1D6 /* loggerTests */,
				D072DEC91CA4D867008DA1D6 /* loggerUITests */,
				D072DEA51CA4D867008DA1D6 /* Products */,
			);
			sourceTree = "<group>";
		};
		D072DEA51CA4D867008DA1D6 /* Products */ = {
			isa = PBXGroup;
			children = (
				D072DEA41CA4D867008DA1D6 /* logger.app */,
				D072DEBB1CA4D867008DA1D6 /* loggerTests.xctest */,
				D072DEC61CA4D867008DA1D6 /* loggerUITests.xctest */,
			);
			name = Products;
			sourceTree = "<group>";
		};
		D072DEA61CA4D867008DA1D6 /* logger */ = {
			isa = PBXGroup;
			children = (
				D072DEA71CA4D867008DA1D6 /* AppDelegate.swift */,
				D072DEA91CA4D867008DA1D6 /* ViewController.swift */,
				D072DEAB1CA4D867008DA1D6 /* Main.storyboard */,
				D0F03DE41CB5F3910004E4E7 /* LogEntry+CoreDataProperties.swift */,
				D0F03DEA1CB5FAA20004E4E7 /* Stack.swift */,
				D0F03DE51CB5F3910004E4E7 /* LogEntry.swift */,
				D072DEDF1CACC968008DA1D6 /* entryController.swift */,
				D072DED81CA62ADE008DA1D6 /* ContactTableViewController.swift */,
				D072DEE11CB365EC008DA1D6 /* LogTableViewController.swift */,
				D0F03DE21CB5F0DD0004E4E7 /* LogBookTableViewCell.swift */,
				707DC4BA1CC6844E005E3C93 /* dateHelper.swift */,
				D072DEDC1CACC30B008DA1D6 /* Model.xcdatamodeld */,
				D072DEB11CA4D867008DA1D6 /* Assets.xcassets */,
				D072DEB31CA4D867008DA1D6 /* LaunchScreen.storyboard */,
				D072DEB61CA4D867008DA1D6 /* Info.plist */,
			);
			path = logger;
			sourceTree = "<group>";
		};
		D072DEBE1CA4D867008DA1D6 /* loggerTests */ = {
			isa = PBXGroup;
			children = (
				D072DEBF1CA4D867008DA1D6 /* loggerTests.swift */,
				D072DEC11CA4D867008DA1D6 /* Info.plist */,
			);
			path = loggerTests;
			sourceTree = "<group>";
		};
		D072DEC91CA4D867008DA1D6 /* loggerUITests */ = {
			isa = PBXGroup;
			children = (
				D072DECA1CA4D867008DA1D6 /* loggerUITests.swift */,
				D072DECC1CA4D867008DA1D6 /* Info.plist */,
			);
			path = loggerUITests;
			sourceTree = "<group>";
		};
/* End PBXGroup section */

/* Begin PBXNativeTarget section */
		D072DEA31CA4D867008DA1D6 /* logger */ = {
			isa = PBXNativeTarget;
			buildConfigurationList = D072DECF1CA4D867008DA1D6 /* Build configuration list for PBXNativeTarget "logger" */;
			buildPhases = (
				D072DEA01CA4D867008DA1D6 /* Sources */,
				D072DEA11CA4D867008DA1D6 /* Frameworks */,
				D072DEA21CA4D867008DA1D6 /* Resources */,
			);
			buildRules = (
			);
			dependencies = (
			);
			name = logger;
			productName = logger;
			productReference = D072DEA41CA4D867008DA1D6 /* logger.app */;
			productType = "com.apple.product-type.application";
		};
		D072DEBA1CA4D867008DA1D6 /* loggerTests */ = {
			isa = PBXNativeTarget;
			buildConfigurationList = D072DED21CA4D867008DA1D6 /* Build configuration list for PBXNativeTarget "loggerTests" */;
			buildPhases = (
				D072DEB71CA4D867008DA1D6 /* Sources */,
				D072DEB81CA4D867008DA1D6 /* Frameworks */,
				D072DEB91CA4D867008DA1D6 /* Resources */,
			);
			buildRules = (
			);
			dependencies = (
				D072DEBD1CA4D867008DA1D6 /* PBXTargetDependency */,
			);
			name = loggerTests;
			productName = loggerTests;
			productReference = D072DEBB1CA4D867008DA1D6 /* loggerTests.xctest */;
			productType = "com.apple.product-type.bundle.unit-test";
		};
		D072DEC51CA4D867008DA1D6 /* loggerUITests */ = {
			isa = PBXNativeTarget;
			buildConfigurationList = D072DED51CA4D867008DA1D6 /* Build configuration list for PBXNativeTarget "loggerUITests" */;
			buildPhases = (
				D072DEC21CA4D867008DA1D6 /* Sources */,
				D072DEC31CA4D867008DA1D6 /* Frameworks */,
				D072DEC41CA4D867008DA1D6 /* Resources */,
			);
			buildRules = (
			);
			dependencies = (
				D072DEC81CA4D867008DA1D6 /* PBXTargetDependency */,
			);
			name = loggerUITests;
			productName = loggerUITests;
			productReference = D072DEC61CA4D867008DA1D6 /* loggerUITests.xctest */;
			productType = "com.apple.product-type.bundle.ui-testing";
		};
/* End PBXNativeTarget section */

/* Begin PBXProject section */
		D072DE9C1CA4D867008DA1D6 /* Project object */ = {
			isa = PBXProject;
			attributes = {
				LastSwiftUpdateCheck = 0730;
				LastUpgradeCheck = 0800;
				ORGANIZATIONNAME = "Jake Estepp";
				TargetAttributes = {
					D072DEA31CA4D867008DA1D6 = {
						CreatedOnToolsVersion = 7.3;
						DevelopmentTeam = 7FTDN4ALBK;
						LastSwiftMigration = 0800;
					};
					D072DEBA1CA4D867008DA1D6 = {
						CreatedOnToolsVersion = 7.3;
						LastSwiftMigration = 0800;
						TestTargetID = D072DEA31CA4D867008DA1D6;
					};
					D072DEC51CA4D867008DA1D6 = {
						CreatedOnToolsVersion = 7.3;
						LastSwiftMigration = 0800;
						TestTargetID = D072DEA31CA4D867008DA1D6;
					};
				};
			};
			buildConfigurationList = D072DE9F1CA4D867008DA1D6 /* Build configuration list for PBXProject "logger" */;
			compatibilityVersion = "Xcode 3.2";
			developmentRegion = English;
			hasScannedForEncodings = 0;
			knownRegions = (
				en,
				Base,
			);
			mainGroup = D072DE9B1CA4D867008DA1D6;
			productRefGroup = D072DEA51CA4D867008DA1D6 /* Products */;
			projectDirPath = "";
			projectRoot = "";
			targets = (
				D072DEA31CA4D867008DA1D6 /* logger */,
				D072DEBA1CA4D867008DA1D6 /* loggerTests */,
				D072DEC51CA4D867008DA1D6 /* loggerUITests */,
			);
		};
/* End PBXProject section */

/* Begin PBXResourcesBuildPhase section */
		D072DEA21CA4D867008DA1D6 /* Resources */ = {
			isa = PBXResourcesBuildPhase;
			buildActionMask = 2147483647;
			files = (
				D072DEB51CA4D867008DA1D6 /* LaunchScreen.storyboard in Resources */,
				D072DEB21CA4D867008DA1D6 /* Assets.xcassets in Resources */,
				D072DEAD1CA4D867008DA1D6 /* Main.storyboard in Resources */,
			);
			runOnlyForDeploymentPostprocessing = 0;
		};
		D072DEB91CA4D867008DA1D6 /* Resources */ = {
			isa = PBXResourcesBuildPhase;
			buildActionMask = 2147483647;
			files = (
			);
			runOnlyForDeploymentPostprocessing = 0;
		};
		D072DEC41CA4D867008DA1D6 /* Resources */ = {
			isa = PBXResourcesBuildPhase;
			buildActionMask = 2147483647;
			files = (
			);
			runOnlyForDeploymentPostprocessing = 0;
		};
/* End PBXResourcesBuildPhase section */

/* Begin PBXSourcesBuildPhase section */
		D072DEA01CA4D867008DA1D6 /* Sources */ = {
			isa = PBXSourcesBuildPhase;
			buildActionMask = 2147483647;
			files = (
				D072DEE01CACC968008DA1D6 /* entryController.swift in Sources */,
				D072DED91CA62ADE008DA1D6 /* ContactTableViewController.swift in Sources */,
				D0F03DE61CB5F3910004E4E7 /* LogEntry+CoreDataProperties.swift in Sources */,
				D072DEE21CB365EC008DA1D6 /* LogTableViewController.swift in Sources */,
				707DC4BB1CC6844E005E3C93 /* dateHelper.swift in Sources */,
				D0F03DEB1CB5FAA20004E4E7 /* Stack.swift in Sources */,
				D072DEDE1CACC30B008DA1D6 /* Model.xcdatamodeld in Sources */,
				D0F03DE31CB5F0DD0004E4E7 /* LogBookTableViewCell.swift in Sources */,
				D0F03DE71CB5F3910004E4E7 /* LogEntry.swift in Sources */,
				D072DEAA1CA4D867008DA1D6 /* ViewController.swift in Sources */,
				D072DEA81CA4D867008DA1D6 /* AppDelegate.swift in Sources */,
			);
			runOnlyForDeploymentPostprocessing = 0;
		};
		D072DEB71CA4D867008DA1D6 /* Sources */ = {
			isa = PBXSourcesBuildPhase;
			buildActionMask = 2147483647;
			files = (
				D072DEC01CA4D867008DA1D6 /* loggerTests.swift in Sources */,
			);
			runOnlyForDeploymentPostprocessing = 0;
		};
		D072DEC21CA4D867008DA1D6 /* Sources */ = {
			isa = PBXSourcesBuildPhase;
			buildActionMask = 2147483647;
			files = (
				D072DECB1CA4D867008DA1D6 /* loggerUITests.swift in Sources */,
			);
			runOnlyForDeploymentPostprocessing = 0;
		};
/* End PBXSourcesBuildPhase section */

/* Begin PBXTargetDependency section */
		D072DEBD1CA4D867008DA1D6 /* PBXTargetDependency */ = {
			isa = PBXTargetDependency;
			target = D072DEA31CA4D867008DA1D6 /* logger */;
			targetProxy = D072DEBC1CA4D867008DA1D6 /* PBXContainerItemProxy */;
		};
		D072DEC81CA4D867008DA1D6 /* PBXTargetDependency */ = {
			isa = PBXTargetDependency;
			target = D072DEA31CA4D867008DA1D6 /* logger */;
			targetProxy = D072DEC71CA4D867008DA1D6 /* PBXContainerItemProxy */;
		};
/* End PBXTargetDependency section */

/* Begin PBXVariantGroup section */
		D072DEAB1CA4D867008DA1D6 /* Main.storyboard */ = {
			isa = PBXVariantGroup;
			children = (
				D072DEAC1CA4D867008DA1D6 /* Base */,
			);
			name = Main.storyboard;
			sourceTree = "<group>";
		};
		D072DEB31CA4D867008DA1D6 /* LaunchScreen.storyboard */ = {
			isa = PBXVariantGroup;
			children = (
				D072DEB41CA4D867008DA1D6 /* Base */,
			);
			name = LaunchScreen.storyboard;
			sourceTree = "<group>";
		};
/* End PBXVariantGroup section */

/* Begin XCBuildConfiguration section */
		D072DECD1CA4D867008DA1D6 /* Debug */ = {
			isa = XCBuildConfiguration;
			buildSettings = {
				ALWAYS_SEARCH_USER_PATHS = NO;
				CLANG_ANALYZER_NONNULL = YES;
				CLANG_CXX_LANGUAGE_STANDARD = "gnu++0x";
				CLANG_CXX_LIBRARY = "libc++";
				CLANG_ENABLE_MODULES = YES;
				CLANG_ENABLE_OBJC_ARC = YES;
				CLANG_WARN_BOOL_CONVERSION = YES;
				CLANG_WARN_CONSTANT_CONVERSION = YES;
				CLANG_WARN_DIRECT_OBJC_ISA_USAGE = YES_ERROR;
				CLANG_WARN_EMPTY_BODY = YES;
				CLANG_WARN_ENUM_CONVERSION = YES;
				CLANG_WARN_INFINITE_RECURSION = YES;
				CLANG_WARN_INT_CONVERSION = YES;
				CLANG_WARN_OBJC_ROOT_CLASS = YES_ERROR;
				CLANG_WARN_SUSPICIOUS_MOVE = YES;
				CLANG_WARN_UNREACHABLE_CODE = YES;
				CLANG_WARN__DUPLICATE_METHOD_MATCH = YES;
				"CODE_SIGN_IDENTITY[sdk=iphoneos*]" = "iPhone Developer";
				COPY_PHASE_STRIP = NO;
				DEBUG_INFORMATION_FORMAT = dwarf;
				ENABLE_STRICT_OBJC_MSGSEND = YES;
				ENABLE_TESTABILITY = YES;
				GCC_C_LANGUAGE_STANDARD = gnu99;
				GCC_DYNAMIC_NO_PIC = NO;
				GCC_NO_COMMON_BLOCKS = YES;
				GCC_OPTIMIZATION_LEVEL = 0;
				GCC_PREPROCESSOR_DEFINITIONS = (
					"DEBUG=1",
					"$(inherited)",
				);
				GCC_WARN_64_TO_32_BIT_CONVERSION = YES;
				GCC_WARN_ABOUT_RETURN_TYPE = YES_ERROR;
				GCC_WARN_UNDECLARED_SELECTOR = YES;
				GCC_WARN_UNINITIALIZED_AUTOS = YES_AGGRESSIVE;
				GCC_WARN_UNUSED_FUNCTION = YES;
				GCC_WARN_UNUSED_VARIABLE = YES;
				IPHONEOS_DEPLOYMENT_TARGET = 9.3;
				MTL_ENABLE_DEBUG_INFO = YES;
				ONLY_ACTIVE_ARCH = YES;
				SDKROOT = iphoneos;
				SWIFT_OPTIMIZATION_LEVEL = "-Onone";
				TARGETED_DEVICE_FAMILY = "1,2";
			};
			name = Debug;
		};
		D072DECE1CA4D867008DA1D6 /* Release */ = {
			isa = XCBuildConfiguration;
			buildSettings = {
				ALWAYS_SEARCH_USER_PATHS = NO;
				CLANG_ANALYZER_NONNULL = YES;
				CLANG_CXX_LANGUAGE_STANDARD = "gnu++0x";
				CLANG_CXX_LIBRARY = "libc++";
				CLANG_ENABLE_MODULES = YES;
				CLANG_ENABLE_OBJC_ARC = YES;
				CLANG_WARN_BOOL_CONVERSION = YES;
				CLANG_WARN_CONSTANT_CONVERSION = YES;
				CLANG_WARN_DIRECT_OBJC_ISA_USAGE = YES_ERROR;
				CLANG_WARN_EMPTY_BODY = YES;
				CLANG_WARN_ENUM_CONVERSION = YES;
				CLANG_WARN_INFINITE_RECURSION = YES;
				CLANG_WARN_INT_CONVERSION = YES;
				CLANG_WARN_OBJC_ROOT_CLASS = YES_ERROR;
				CLANG_WARN_SUSPICIOUS_MOVE = YES;
				CLANG_WARN_UNREACHABLE_CODE = YES;
				CLANG_WARN__DUPLICATE_METHOD_MATCH = YES;
				"CODE_SIGN_IDENTITY[sdk=iphoneos*]" = "iPhone Developer";
				COPY_PHASE_STRIP = NO;
				DEBUG_INFORMATION_FORMAT = "dwarf-with-dsym";
				ENABLE_NS_ASSERTIONS = NO;
				ENABLE_STRICT_OBJC_MSGSEND = YES;
				GCC_C_LANGUAGE_STANDARD = gnu99;
				GCC_NO_COMMON_BLOCKS = YES;
				GCC_WARN_64_TO_32_BIT_CONVERSION = YES;
				GCC_WARN_ABOUT_RETURN_TYPE = YES_ERROR;
				GCC_WARN_UNDECLARED_SELECTOR = YES;
				GCC_WARN_UNINITIALIZED_AUTOS = YES_AGGRESSIVE;
				GCC_WARN_UNUSED_FUNCTION = YES;
				GCC_WARN_UNUSED_VARIABLE = YES;
				IPHONEOS_DEPLOYMENT_TARGET = 9.3;
				MTL_ENABLE_DEBUG_INFO = NO;
				SDKROOT = iphoneos;
				SWIFT_OPTIMIZATION_LEVEL = "-Owholemodule";
				TARGETED_DEVICE_FAMILY = "1,2";
				VALIDATE_PRODUCT = YES;
			};
			name = Release;
		};
		D072DED01CA4D867008DA1D6 /* Debug */ = {
			isa = XCBuildConfiguration;
			buildSettings = {
				ASSETCATALOG_COMPILER_APPICON_NAME = AppIcon;
				CODE_SIGN_IDENTITY = "iPhone Developer";
				"CODE_SIGN_IDENTITY[sdk=iphoneos*]" = "iPhone Developer";
				INFOPLIST_FILE = logger/Info.plist;
				IPHONEOS_DEPLOYMENT_TARGET = 9.3;
				LD_RUNPATH_SEARCH_PATHS = "$(inherited) @executable_path/Frameworks";
				PRODUCT_BUNDLE_IDENTIFIER = com.kd7vea.logger;
				PRODUCT_NAME = "$(TARGET_NAME)";
				PROVISIONING_PROFILE = "";
				SWIFT_VERSION = 3.0;
				TARGETED_DEVICE_FAMILY = "1,2";
			};
			name = Debug;
		};
		D072DED11CA4D867008DA1D6 /* Release */ = {
			isa = XCBuildConfiguration;
			buildSettings = {
				ASSETCATALOG_COMPILER_APPICON_NAME = AppIcon;
				CODE_SIGN_IDENTITY = "iPhone Developer";
				"CODE_SIGN_IDENTITY[sdk=iphoneos*]" = "iPhone Developer";
				INFOPLIST_FILE = logger/Info.plist;
				IPHONEOS_DEPLOYMENT_TARGET = 9.3;
				LD_RUNPATH_SEARCH_PATHS = "$(inherited) @executable_path/Frameworks";
				PRODUCT_BUNDLE_IDENTIFIER = com.kd7vea.logger;
				PRODUCT_NAME = "$(TARGET_NAME)";
				PROVISIONING_PROFILE = "";
				SWIFT_VERSION = 3.0;
				TARGETED_DEVICE_FAMILY = "1,2";
			};
			name = Release;
		};
		D072DED31CA4D867008DA1D6 /* Debug */ = {
			isa = XCBuildConfiguration;
			buildSettings = {
				BUNDLE_LOADER = "$(TEST_HOST)";
				INFOPLIST_FILE = loggerTests/Info.plist;
				LD_RUNPATH_SEARCH_PATHS = "$(inherited) @executable_path/Frameworks @loader_path/Frameworks";
				PRODUCT_BUNDLE_IDENTIFIER = com.kd7vea.loggerTests;
				PRODUCT_NAME = "$(TARGET_NAME)";
				SWIFT_VERSION = 3.0;
				TEST_HOST = "$(BUILT_PRODUCTS_DIR)/logger.app/logger";
			};
			name = Debug;
		};
		D072DED41CA4D867008DA1D6 /* Release */ = {
			isa = XCBuildConfiguration;
			buildSettings = {
				BUNDLE_LOADER = "$(TEST_HOST)";
				INFOPLIST_FILE = loggerTests/Info.plist;
				LD_RUNPATH_SEARCH_PATHS = "$(inherited) @executable_path/Frameworks @loader_path/Frameworks";
				PRODUCT_BUNDLE_IDENTIFIER = com.kd7vea.loggerTests;
				PRODUCT_NAME = "$(TARGET_NAME)";
				SWIFT_VERSION = 3.0;
				TEST_HOST = "$(BUILT_PRODUCTS_DIR)/logger.app/logger";
			};
			name = Release;
		};
		D072DED61CA4D867008DA1D6 /* Debug */ = {
			isa = XCBuildConfiguration;
			buildSettings = {
				INFOPLIST_FILE = loggerUITests/Info.plist;
				LD_RUNPATH_SEARCH_PATHS = "$(inherited) @executable_path/Frameworks @loader_path/Frameworks";
				PRODUCT_BUNDLE_IDENTIFIER = com.kd7vea.loggerUITests;
				PRODUCT_NAME = "$(TARGET_NAME)";
				SWIFT_VERSION = 3.0;
				TEST_TARGET_NAME = logger;
			};
			name = Debug;
		};
		D072DED71CA4D867008DA1D6 /* Release */ = {
			isa = XCBuildConfiguration;
			buildSettings = {
				INFOPLIST_FILE = loggerUITests/Info.plist;
				LD_RUNPATH_SEARCH_PATHS = "$(inherited) @executable_path/Frameworks @loader_path/Frameworks";
				PRODUCT_BUNDLE_IDENTIFIER = com.kd7vea.loggerUITests;
				PRODUCT_NAME = "$(TARGET_NAME)";
				SWIFT_VERSION = 3.0;
				TEST_TARGET_NAME = logger;
			};
			name = Release;
		};
/* End XCBuildConfiguration section */

/* Begin XCConfigurationList section */
		D072DE9F1CA4D867008DA1D6 /* Build configuration list for PBXProject "logger" */ = {
			isa = XCConfigurationList;
			buildConfigurations = (
				D072DECD1CA4D867008DA1D6 /* Debug */,
				D072DECE1CA4D867008DA1D6 /* Release */,
			);
			defaultConfigurationIsVisible = 0;
			defaultConfigurationName = Release;
		};
		D072DECF1CA4D867008DA1D6 /* Build configuration list for PBXNativeTarget "logger" */ = {
			isa = XCConfigurationList;
			buildConfigurations = (
				D072DED01CA4D867008DA1D6 /* Debug */,
				D072DED11CA4D867008DA1D6 /* Release */,
			);
			defaultConfigurationIsVisible = 0;
			defaultConfigurationName = Release;
		};
		D072DED21CA4D867008DA1D6 /* Build configuration list for PBXNativeTarget "loggerTests" */ = {
			isa = XCConfigurationList;
			buildConfigurations = (
				D072DED31CA4D867008DA1D6 /* Debug */,
				D072DED41CA4D867008DA1D6 /* Release */,
			);
			defaultConfigurationIsVisible = 0;
			defaultConfigurationName = Release;
		};
		D072DED51CA4D867008DA1D6 /* Build configuration list for PBXNativeTarget "loggerUITests" */ = {
			isa = XCConfigurationList;
			buildConfigurations = (
				D072DED61CA4D867008DA1D6 /* Debug */,
				D072DED71CA4D867008DA1D6 /* Release */,
			);
			defaultConfigurationIsVisible = 0;
			defaultConfigurationName = Release;
		};
/* End XCConfigurationList section */

/* Begin XCVersionGroup section */
		D072DEDC1CACC30B008DA1D6 /* Model.xcdatamodeld */ = {
			isa = XCVersionGroup;
			children = (
				D072DEDD1CACC30B008DA1D6 /* Model.xcdatamodel */,
			);
			currentVersion = D072DEDD1CACC30B008DA1D6 /* Model.xcdatamodel */;
			path = Model.xcdatamodeld;
			sourceTree = "<group>";
			versionGroupType = wrapper.xcdatamodel;
		};
/* End XCVersionGroup section */
	};
	rootObject = D072DE9C1CA4D867008DA1D6 /* Project object */;
}
